
Microsoft Visual Studio Solution File, Format Version 12.00
# Visual Studio Version 16
VisualStudioVersion = 16.0.32126.315
MinimumVisualStudioVersion = 10.0.40219.1
Project("{FAE04EC0-301F-11D3-BF4B-00C04F79EFBC}") = "wematest", "wematest\wematest.csproj", "{89A42A1E-EE37-482C-AC45-CEEE4EC75C6C}"
EndProject
Global
	GlobalSection(SolutionConfigurationPlatforms) = preSolution
		Debug|Any CPU = Debug|Any CPU
		Release|Any CPU = Release|Any CPU
	EndGlobalSection
	GlobalSection(ProjectConfigurationPlatforms) = postSolution
		{89A42A1E-EE37-482C-AC45-CEEE4EC75C6C}.Debug|Any CPU.ActiveCfg = Debug|Any CPU
		{89A42A1E-EE37-482C-AC45-CEEE4EC75C6C}.Debug|Any CPU.Build.0 = Debug|Any CPU
		{89A42A1E-EE37-482C-AC45-CEEE4EC75C6C}.Release|Any CPU.ActiveCfg = Release|Any CPU
		{89A42A1E-EE37-482C-AC45-CEEE4EC75C6C}.Release|Any CPU.Build.0 = Release|Any CPU
	EndGlobalSection
	GlobalSection(SolutionProperties) = preSolution
		HideSolutionNode = FALSE
	EndGlobalSection
	GlobalSection(ExtensibilityGlobals) = postSolution
		SolutionGuid = {EAFC0E60-5D89-4A06-9F4F-1B6B45B1FDFA}
	EndGlobalSection
EndGlobal
